{
  "name": "slashvibe-mcp",
  "version": "0.2.2",
  "lockfileVersion": 3,
  "requires": true,
  "packages": {
    "": {
      "name": "slashvibe-mcp",
      "version": "0.2.2",
      "license": "MIT",
      "bin": {
        "slashvibe-mcp": "index.js"
      },
      "engines": {
        "node": ">=18.0.0"
      }
    }
  }
}
