{
  "name": "slashvibe-mcp",
  "version": "0.2.3",
  "lockfileVersion": 3,
  "requires": true,
  "packages": {
    "": {
      "name": "slashvibe-mcp",
      "version": "0.2.3",
      "license": "MIT",
      "dependencies": {
        "crossword-layout-generator": "^0.1.1"
      },
      "bin": {
        "slashvibe-mcp": "index.js"
      },
      "engines": {
        "node": ">=18.0.0"
      }
    },
    "node_modules/crossword-layout-generator": {
      "version": "0.1.1",
      "resolved": "https://registry.npmjs.org/crossword-layout-generator/-/crossword-layout-generator-0.1.1.tgz",
      "integrity": "sha512-wunaTcpzDc1UL7iC77ckh4mMEjFuBDMYIKhJn3yq6b7jvHu5zcxe17cGh4Pv1VbLu1BfC6kgDV0IowfqDUm2sg==",
      "license": "MIT"
    }
  }
}
